
Microsoft Visual Studio Solution File, Format Version 12.00
Project("{FAE04EC0-301F-11D3-BF4B-00C04F79EFBC}") = "WebApiServer", "WebApiServer\WebApiServer.csproj", "{C2FFAFE8-A9E7-40EF-AC6D-ED7A575C59DB}"
EndProject
Project("{FAE04EC0-301F-11D3-BF4B-00C04F79EFBC}") = "WebApiClient", "WebApiClient\WebApiClient.csproj", "{16B2B671-EA04-4994-A0CF-AAE1F8228551}"
EndProject
Global
	GlobalSection(SolutionConfigurationPlatforms) = preSolution
		Debug|Any CPU = Debug|Any CPU
		Release|Any CPU = Release|Any CPU
	EndGlobalSection
	GlobalSection(ProjectConfigurationPlatforms) = postSolution
		{C2FFAFE8-A9E7-40EF-AC6D-ED7A575C59DB}.Debug|Any CPU.ActiveCfg = Debug|Any CPU
		{C2FFAFE8-A9E7-40EF-AC6D-ED7A575C59DB}.Debug|Any CPU.Build.0 = Debug|Any CPU
		{C2FFAFE8-A9E7-40EF-AC6D-ED7A575C59DB}.Release|Any CPU.ActiveCfg = Release|Any CPU
		{C2FFAFE8-A9E7-40EF-AC6D-ED7A575C59DB}.Release|Any CPU.Build.0 = Release|Any CPU
		{16B2B671-EA04-4994-A0CF-AAE1F8228551}.Debug|Any CPU.ActiveCfg = Debug|Any CPU
		{16B2B671-EA04-4994-A0CF-AAE1F8228551}.Debug|Any CPU.Build.0 = Debug|Any CPU
		{16B2B671-EA04-4994-A0CF-AAE1F8228551}.Release|Any CPU.ActiveCfg = Release|Any CPU
		{16B2B671-EA04-4994-A0CF-AAE1F8228551}.Release|Any CPU.Build.0 = Release|Any CPU
	EndGlobalSection
EndGlobal
