
Microsoft Visual Studio Solution File, Format Version 12.00
Project("{FAE04EC0-301F-11D3-BF4B-00C04F79EFBC}") = "MyServer", "MyServer.csproj", "{DA111D83-2118-4831-B769-FBCE752D21E2}"
EndProject
Global
	GlobalSection(SolutionConfigurationPlatforms) = preSolution
		Debug|Any CPU = Debug|Any CPU
		Release|Any CPU = Release|Any CPU
	EndGlobalSection
	GlobalSection(ProjectConfigurationPlatforms) = postSolution
		{DA111D83-2118-4831-B769-FBCE752D21E2}.Debug|Any CPU.ActiveCfg = Debug|Any CPU
		{DA111D83-2118-4831-B769-FBCE752D21E2}.Debug|Any CPU.Build.0 = Debug|Any CPU
		{DA111D83-2118-4831-B769-FBCE752D21E2}.Release|Any CPU.ActiveCfg = Release|Any CPU
		{DA111D83-2118-4831-B769-FBCE752D21E2}.Release|Any CPU.Build.0 = Release|Any CPU
	EndGlobalSection
EndGlobal
